// !$*UTF8*$!
{
	archiveVersion = 1;
	classes = {
	};
	objectVersion = 51;
	objects = {

/* Begin PBXBuildFile section */
		0174CCAF7AA03C8231C795BE /* Pods_MarvelApp_MarvelAppUITests.framework in Frameworks */ = {isa = PBXBuildFile; fileRef = 7D70934DFCB829B63C7B1B79 /* Pods_MarvelApp_MarvelAppUITests.framework */; };
		403A126A237A0A6F4CE6F546 /* Pods_MarvelApp_MarvelAppTests.framework in Frameworks */ = {isa = PBXBuildFile; fileRef = 97410609F7320DB9D89DEA44 /* Pods_MarvelApp_MarvelAppTests.framework */; };
		60E39A273BE989290463C594 /* Pods_MarvelApp.framework in Frameworks */ = {isa = PBXBuildFile; fileRef = 12798D970C58AE55AD343C51 /* Pods_MarvelApp.framework */; };
		943966C8293C39E363F192DC /* Pods_MarvelApp_MarvelSnapshotTests.framework in Frameworks */ = {isa = PBXBuildFile; fileRef = 08382B0FD8BBF951D4C5A062 /* Pods_MarvelApp_MarvelSnapshotTests.framework */; };
		CD4165C526F393AC00CA8ED1 /* BaseView.swift in Sources */ = {isa = PBXBuildFile; fileRef = CD4165C126F393AC00CA8ED1 /* BaseView.swift */; };
		CD4165C626F393AC00CA8ED1 /* ViewCodedViewController.swift in Sources */ = {isa = PBXBuildFile; fileRef = CD4165C226F393AC00CA8ED1 /* ViewCodedViewController.swift */; };
		CD4165C726F393AC00CA8ED1 /* Coordinator.swift in Sources */ = {isa = PBXBuildFile; fileRef = CD4165C326F393AC00CA8ED1 /* Coordinator.swift */; };
		CD4165CC26F3E41800CA8ED1 /* CharactersCoordinator.swift in Sources */ = {isa = PBXBuildFile; fileRef = CD4165CB26F3E41800CA8ED1 /* CharactersCoordinator.swift */; };
		CD4165CE26F3E47200CA8ED1 /* CharactersViewModel.swift in Sources */ = {isa = PBXBuildFile; fileRef = CD4165CD26F3E47200CA8ED1 /* CharactersViewModel.swift */; };
		CD4165D026F3E4EB00CA8ED1 /* CharactersView.swift in Sources */ = {isa = PBXBuildFile; fileRef = CD4165CF26F3E4EB00CA8ED1 /* CharactersView.swift */; };
		CD4165D226F3EECA00CA8ED1 /* UINavigation+MarvelAppearance.swift in Sources */ = {isa = PBXBuildFile; fileRef = CD4165D126F3EECA00CA8ED1 /* UINavigation+MarvelAppearance.swift */; };
		CD4165D426F3EF8200CA8ED1 /* UIColor+MarvelColors.swift in Sources */ = {isa = PBXBuildFile; fileRef = CD4165D326F3EF8200CA8ED1 /* UIColor+MarvelColors.swift */; };
		CD4CB5EF26F4F7C00035CDA4 /* CharacterCollectionViewCell.swift in Sources */ = {isa = PBXBuildFile; fileRef = CD4CB5EE26F4F7C00035CDA4 /* CharacterCollectionViewCell.swift */; };
		CD4CB5F126F4F87B0035CDA4 /* CharacterCellViewModel.swift in Sources */ = {isa = PBXBuildFile; fileRef = CD4CB5F026F4F87B0035CDA4 /* CharacterCellViewModel.swift */; };
		CD4CB5F326F4FD510035CDA4 /* UICollectionView+DequeuingReusableCell.swift in Sources */ = {isa = PBXBuildFile; fileRef = CD4CB5F226F4FD510035CDA4 /* UICollectionView+DequeuingReusableCell.swift */; };
		CD4CB5F526F7C5D10035CDA4 /* UILabel+Init.swift in Sources */ = {isa = PBXBuildFile; fileRef = CD4CB5F426F7C5D10035CDA4 /* UILabel+Init.swift */; };
		CD4CB5F826F7E4250035CDA4 /* UITextView+Init.swift in Sources */ = {isa = PBXBuildFile; fileRef = CD4CB5F726F7E4250035CDA4 /* UITextView+Init.swift */; };
		CD52FB4E26F10146008DFD07 /* Encodable+Dictionary.swift in Sources */ = {isa = PBXBuildFile; fileRef = CD52FB4D26F10146008DFD07 /* Encodable+Dictionary.swift */; };
		CD52FB5226F104EA008DFD07 /* MarvelAuthenticationProviderTests.swift in Sources */ = {isa = PBXBuildFile; fileRef = CD52FB5126F104EA008DFD07 /* MarvelAuthenticationProviderTests.swift */; };
		CD52FB5426F10F5E008DFD07 /* MarvelAPITests.swift in Sources */ = {isa = PBXBuildFile; fileRef = CD52FB5326F10F5E008DFD07 /* MarvelAPITests.swift */; };
		CD52FB5626F11231008DFD07 /* CharactersService.swift in Sources */ = {isa = PBXBuildFile; fileRef = CD52FB5526F11231008DFD07 /* CharactersService.swift */; };
		CD52FB5926F11847008DFD07 /* Character.swift in Sources */ = {isa = PBXBuildFile; fileRef = CD52FB5826F11847008DFD07 /* Character.swift */; };
		CD52FB5D26F11DA9008DFD07 /* CharactersServiceTests.swift in Sources */ = {isa = PBXBuildFile; fileRef = CD52FB5C26F11DA9008DFD07 /* CharactersServiceTests.swift */; };
		CD52FB6226F11F70008DFD07 /* XCTestCase+Decode.swift in Sources */ = {isa = PBXBuildFile; fileRef = CD52FB6126F11F70008DFD07 /* XCTestCase+Decode.swift */; };
		CD52FB6526F126EC008DFD07 /* Characters.json in Resources */ = {isa = PBXBuildFile; fileRef = CD52FB6426F126EC008DFD07 /* Characters.json */; };
		CD98D9F026F93F4500AB2A10 /* CharactersViewControllerSnapshotTests.swift in Sources */ = {isa = PBXBuildFile; fileRef = CD98D9EF26F93F4500AB2A10 /* CharactersViewControllerSnapshotTests.swift */; };
		CD98D9F326F941A700AB2A10 /* TestError.swift in Sources */ = {isa = PBXBuildFile; fileRef = CD98D9F226F941A700AB2A10 /* TestError.swift */; };
		CD98D9F426F941AC00AB2A10 /* TestError.swift in Sources */ = {isa = PBXBuildFile; fileRef = CD98D9F226F941A700AB2A10 /* TestError.swift */; };
		CD98D9F626F9489700AB2A10 /* MockCharactersService.swift in Sources */ = {isa = PBXBuildFile; fileRef = CD98D9F526F9489700AB2A10 /* MockCharactersService.swift */; };
		CD98D9F826F948D000AB2A10 /* MockHashProvider.swift in Sources */ = {isa = PBXBuildFile; fileRef = CD98D9F726F948D000AB2A10 /* MockHashProvider.swift */; };
		CD98D9FA26F948F800AB2A10 /* MockMarvelAuthenticationProvider.swift in Sources */ = {isa = PBXBuildFile; fileRef = CD98D9F926F948F800AB2A10 /* MockMarvelAuthenticationProvider.swift */; };
		CD98D9FC26F9491600AB2A10 /* MockNetworkManager.swift in Sources */ = {isa = PBXBuildFile; fileRef = CD98D9FB26F9491600AB2A10 /* MockNetworkManager.swift */; };
		CDB554E626F8BACA00B090F3 /* CharactersViewModelTests.swift in Sources */ = {isa = PBXBuildFile; fileRef = CDB554E526F8BACA00B090F3 /* CharactersViewModelTests.swift */; };
		CDE235AD26F0E4FB0000DC99 /* AppDelegate.swift in Sources */ = {isa = PBXBuildFile; fileRef = CDE235AC26F0E4FB0000DC99 /* AppDelegate.swift */; };
		CDE235AF26F0E4FB0000DC99 /* SceneDelegate.swift in Sources */ = {isa = PBXBuildFile; fileRef = CDE235AE26F0E4FB0000DC99 /* SceneDelegate.swift */; };
		CDE235B126F0E4FB0000DC99 /* CharactersViewController.swift in Sources */ = {isa = PBXBuildFile; fileRef = CDE235B026F0E4FB0000DC99 /* CharactersViewController.swift */; };
		CDE235B626F0E4FC0000DC99 /* Assets.xcassets in Resources */ = {isa = PBXBuildFile; fileRef = CDE235B526F0E4FC0000DC99 /* Assets.xcassets */; };
		CDE235B926F0E4FC0000DC99 /* LaunchScreen.storyboard in Resources */ = {isa = PBXBuildFile; fileRef = CDE235B726F0E4FC0000DC99 /* LaunchScreen.storyboard */; };
		CDE235CF26F0E4FC0000DC99 /* MarvelAppUITests.swift in Sources */ = {isa = PBXBuildFile; fileRef = CDE235CE26F0E4FC0000DC99 /* MarvelAppUITests.swift */; };
		CDE235DE26F0F7320000DC99 /* MarvelAPI.swift in Sources */ = {isa = PBXBuildFile; fileRef = CDE235DD26F0F7320000DC99 /* MarvelAPI.swift */; };
		CDE235E226F0FC530000DC99 /* MarvelAPIAuthenticationProvider.swift in Sources */ = {isa = PBXBuildFile; fileRef = CDE235E126F0FC530000DC99 /* MarvelAPIAuthenticationProvider.swift */; };
		CDE235E526F0FD680000DC99 /* MarvelAuthenticationObject.swift in Sources */ = {isa = PBXBuildFile; fileRef = CDE235E426F0FD680000DC99 /* MarvelAuthenticationObject.swift */; };
/* End PBXBuildFile section */

/* Begin PBXContainerItemProxy section */
		CD98D9EA26F93DFB00AB2A10 /* PBXContainerItemProxy */ = {
			isa = PBXContainerItemProxy;
			containerPortal = CDE235A126F0E4FB0000DC99 /* Project object */;
			proxyType = 1;
			remoteGlobalIDString = CDE235A826F0E4FB0000DC99;
			remoteInfo = MarvelApp;
		};
		CDE235C026F0E4FC0000DC99 /* PBXContainerItemProxy */ = {
			isa = PBXContainerItemProxy;
			containerPortal = CDE235A126F0E4FB0000DC99 /* Project object */;
			proxyType = 1;
			remoteGlobalIDString = CDE235A826F0E4FB0000DC99;
			remoteInfo = MarvelApp;
		};
		CDE235CB26F0E4FC0000DC99 /* PBXContainerItemProxy */ = {
			isa = PBXContainerItemProxy;
			containerPortal = CDE235A126F0E4FB0000DC99 /* Project object */;
			proxyType = 1;
			remoteGlobalIDString = CDE235A826F0E4FB0000DC99;
			remoteInfo = MarvelApp;
		};
/* End PBXContainerItemProxy section */

/* Begin PBXFileReference section */
		08382B0FD8BBF951D4C5A062 /* Pods_MarvelApp_MarvelSnapshotTests.framework */ = {isa = PBXFileReference; explicitFileType = wrapper.framework; includeInIndex = 0; path = Pods_MarvelApp_MarvelSnapshotTests.framework; sourceTree = BUILT_PRODUCTS_DIR; };
		12798D970C58AE55AD343C51 /* Pods_MarvelApp.framework */ = {isa = PBXFileReference; explicitFileType = wrapper.framework; includeInIndex = 0; path = Pods_MarvelApp.framework; sourceTree = BUILT_PRODUCTS_DIR; };
		48314D4C2D68098C3449802F /* Pods-MarvelApp-MarvelAppUITests.release.xcconfig */ = {isa = PBXFileReference; includeInIndex = 1; lastKnownFileType = text.xcconfig; name = "Pods-MarvelApp-MarvelAppUITests.release.xcconfig"; path = "Target Support Files/Pods-MarvelApp-MarvelAppUITests/Pods-MarvelApp-MarvelAppUITests.release.xcconfig"; sourceTree = "<group>"; };
		4F8853B2D0D71B4914890E0D /* Pods-MarvelApp-MarvelAppTests.release.xcconfig */ = {isa = PBXFileReference; includeInIndex = 1; lastKnownFileType = text.xcconfig; name = "Pods-MarvelApp-MarvelAppTests.release.xcconfig"; path = "Target Support Files/Pods-MarvelApp-MarvelAppTests/Pods-MarvelApp-MarvelAppTests.release.xcconfig"; sourceTree = "<group>"; };
		6E49B4FB3FEE4940E80007A9 /* Pods-MarvelApp-MarvelSnapshotTests.release.xcconfig */ = {isa = PBXFileReference; includeInIndex = 1; lastKnownFileType = text.xcconfig; name = "Pods-MarvelApp-MarvelSnapshotTests.release.xcconfig"; path = "Target Support Files/Pods-MarvelApp-MarvelSnapshotTests/Pods-MarvelApp-MarvelSnapshotTests.release.xcconfig"; sourceTree = "<group>"; };
		7D70934DFCB829B63C7B1B79 /* Pods_MarvelApp_MarvelAppUITests.framework */ = {isa = PBXFileReference; explicitFileType = wrapper.framework; includeInIndex = 0; path = Pods_MarvelApp_MarvelAppUITests.framework; sourceTree = BUILT_PRODUCTS_DIR; };
		97410609F7320DB9D89DEA44 /* Pods_MarvelApp_MarvelAppTests.framework */ = {isa = PBXFileReference; explicitFileType = wrapper.framework; includeInIndex = 0; path = Pods_MarvelApp_MarvelAppTests.framework; sourceTree = BUILT_PRODUCTS_DIR; };
		97AA185F22B188305A072E03 /* Pods-MarvelAppTests.debug.xcconfig */ = {isa = PBXFileReference; includeInIndex = 1; lastKnownFileType = text.xcconfig; name = "Pods-MarvelAppTests.debug.xcconfig"; path = "Target Support Files/Pods-MarvelAppTests/Pods-MarvelAppTests.debug.xcconfig"; sourceTree = "<group>"; };
		A231ABCECA0D7E911A36DDA2 /* Pods-MarvelApp.debug.xcconfig */ = {isa = PBXFileReference; includeInIndex = 1; lastKnownFileType = text.xcconfig; name = "Pods-MarvelApp.debug.xcconfig"; path = "Target Support Files/Pods-MarvelApp/Pods-MarvelApp.debug.xcconfig"; sourceTree = "<group>"; };
		AE8C35E3D67FD75B35D23E6E /* Pods-MarvelAppTests.release.xcconfig */ = {isa = PBXFileReference; includeInIndex = 1; lastKnownFileType = text.xcconfig; name = "Pods-MarvelAppTests.release.xcconfig"; path = "Target Support Files/Pods-MarvelAppTests/Pods-MarvelAppTests.release.xcconfig"; sourceTree = "<group>"; };
		CD4165C126F393AC00CA8ED1 /* BaseView.swift */ = {isa = PBXFileReference; fileEncoding = 4; lastKnownFileType = sourcecode.swift; path = BaseView.swift; sourceTree = "<group>"; };
		CD4165C226F393AC00CA8ED1 /* ViewCodedViewController.swift */ = {isa = PBXFileReference; fileEncoding = 4; lastKnownFileType = sourcecode.swift; path = ViewCodedViewController.swift; sourceTree = "<group>"; };
		CD4165C326F393AC00CA8ED1 /* Coordinator.swift */ = {isa = PBXFileReference; fileEncoding = 4; lastKnownFileType = sourcecode.swift; path = Coordinator.swift; sourceTree = "<group>"; };
		CD4165CB26F3E41800CA8ED1 /* CharactersCoordinator.swift */ = {isa = PBXFileReference; lastKnownFileType = sourcecode.swift; path = CharactersCoordinator.swift; sourceTree = "<group>"; };
		CD4165CD26F3E47200CA8ED1 /* CharactersViewModel.swift */ = {isa = PBXFileReference; lastKnownFileType = sourcecode.swift; path = CharactersViewModel.swift; sourceTree = "<group>"; };
		CD4165CF26F3E4EB00CA8ED1 /* CharactersView.swift */ = {isa = PBXFileReference; lastKnownFileType = sourcecode.swift; path = CharactersView.swift; sourceTree = "<group>"; };
		CD4165D126F3EECA00CA8ED1 /* UINavigation+MarvelAppearance.swift */ = {isa = PBXFileReference; lastKnownFileType = sourcecode.swift; path = "UINavigation+MarvelAppearance.swift"; sourceTree = "<group>"; };
		CD4165D326F3EF8200CA8ED1 /* UIColor+MarvelColors.swift */ = {isa = PBXFileReference; lastKnownFileType = sourcecode.swift; path = "UIColor+MarvelColors.swift"; sourceTree = "<group>"; };
		CD4CB5EE26F4F7C00035CDA4 /* CharacterCollectionViewCell.swift */ = {isa = PBXFileReference; lastKnownFileType = sourcecode.swift; path = CharacterCollectionViewCell.swift; sourceTree = "<group>"; };
		CD4CB5F026F4F87B0035CDA4 /* CharacterCellViewModel.swift */ = {isa = PBXFileReference; lastKnownFileType = sourcecode.swift; path = CharacterCellViewModel.swift; sourceTree = "<group>"; };
		CD4CB5F226F4FD510035CDA4 /* UICollectionView+DequeuingReusableCell.swift */ = {isa = PBXFileReference; lastKnownFileType = sourcecode.swift; path = "UICollectionView+DequeuingReusableCell.swift"; sourceTree = "<group>"; };
		CD4CB5F426F7C5D10035CDA4 /* UILabel+Init.swift */ = {isa = PBXFileReference; lastKnownFileType = sourcecode.swift; path = "UILabel+Init.swift"; sourceTree = "<group>"; };
		CD4CB5F726F7E4250035CDA4 /* UITextView+Init.swift */ = {isa = PBXFileReference; lastKnownFileType = sourcecode.swift; path = "UITextView+Init.swift"; sourceTree = "<group>"; };
		CD52FB4D26F10146008DFD07 /* Encodable+Dictionary.swift */ = {isa = PBXFileReference; lastKnownFileType = sourcecode.swift; path = "Encodable+Dictionary.swift"; sourceTree = "<group>"; };
		CD52FB5126F104EA008DFD07 /* MarvelAuthenticationProviderTests.swift */ = {isa = PBXFileReference; lastKnownFileType = sourcecode.swift; path = MarvelAuthenticationProviderTests.swift; sourceTree = "<group>"; };
		CD52FB5326F10F5E008DFD07 /* MarvelAPITests.swift */ = {isa = PBXFileReference; lastKnownFileType = sourcecode.swift; path = MarvelAPITests.swift; sourceTree = "<group>"; };
		CD52FB5526F11231008DFD07 /* CharactersService.swift */ = {isa = PBXFileReference; lastKnownFileType = sourcecode.swift; path = CharactersService.swift; sourceTree = "<group>"; };
		CD52FB5826F11847008DFD07 /* Character.swift */ = {isa = PBXFileReference; lastKnownFileType = sourcecode.swift; path = Character.swift; sourceTree = "<group>"; };
		CD52FB5C26F11DA9008DFD07 /* CharactersServiceTests.swift */ = {isa = PBXFileReference; lastKnownFileType = sourcecode.swift; path = CharactersServiceTests.swift; sourceTree = "<group>"; };
		CD52FB6126F11F70008DFD07 /* XCTestCase+Decode.swift */ = {isa = PBXFileReference; lastKnownFileType = sourcecode.swift; path = "XCTestCase+Decode.swift"; sourceTree = "<group>"; };
		CD52FB6426F126EC008DFD07 /* Characters.json */ = {isa = PBXFileReference; lastKnownFileType = text.json; path = Characters.json; sourceTree = "<group>"; };
		CD98D9E526F93DFB00AB2A10 /* MarvelSnapshotTests.xctest */ = {isa = PBXFileReference; explicitFileType = wrapper.cfbundle; includeInIndex = 0; path = MarvelSnapshotTests.xctest; sourceTree = BUILT_PRODUCTS_DIR; };
		CD98D9E926F93DFB00AB2A10 /* Info.plist */ = {isa = PBXFileReference; lastKnownFileType = text.plist.xml; path = Info.plist; sourceTree = "<group>"; };
		CD98D9EF26F93F4500AB2A10 /* CharactersViewControllerSnapshotTests.swift */ = {isa = PBXFileReference; lastKnownFileType = sourcecode.swift; path = CharactersViewControllerSnapshotTests.swift; sourceTree = "<group>"; };
		CD98D9F226F941A700AB2A10 /* TestError.swift */ = {isa = PBXFileReference; lastKnownFileType = sourcecode.swift; path = TestError.swift; sourceTree = "<group>"; };
		CD98D9F526F9489700AB2A10 /* MockCharactersService.swift */ = {isa = PBXFileReference; lastKnownFileType = sourcecode.swift; path = MockCharactersService.swift; sourceTree = "<group>"; };
		CD98D9F726F948D000AB2A10 /* MockHashProvider.swift */ = {isa = PBXFileReference; lastKnownFileType = sourcecode.swift; path = MockHashProvider.swift; sourceTree = "<group>"; };
		CD98D9F926F948F800AB2A10 /* MockMarvelAuthenticationProvider.swift */ = {isa = PBXFileReference; lastKnownFileType = sourcecode.swift; path = MockMarvelAuthenticationProvider.swift; sourceTree = "<group>"; };
		CD98D9FB26F9491600AB2A10 /* MockNetworkManager.swift */ = {isa = PBXFileReference; lastKnownFileType = sourcecode.swift; path = MockNetworkManager.swift; sourceTree = "<group>"; };
		CDB554E526F8BACA00B090F3 /* CharactersViewModelTests.swift */ = {isa = PBXFileReference; lastKnownFileType = sourcecode.swift; path = CharactersViewModelTests.swift; sourceTree = "<group>"; };
		CDE235A926F0E4FB0000DC99 /* MarvelApp.app */ = {isa = PBXFileReference; explicitFileType = wrapper.application; includeInIndex = 0; path = MarvelApp.app; sourceTree = BUILT_PRODUCTS_DIR; };
		CDE235AC26F0E4FB0000DC99 /* AppDelegate.swift */ = {isa = PBXFileReference; lastKnownFileType = sourcecode.swift; path = AppDelegate.swift; sourceTree = "<group>"; };
		CDE235AE26F0E4FB0000DC99 /* SceneDelegate.swift */ = {isa = PBXFileReference; lastKnownFileType = sourcecode.swift; path = SceneDelegate.swift; sourceTree = "<group>"; };
		CDE235B026F0E4FB0000DC99 /* CharactersViewController.swift */ = {isa = PBXFileReference; lastKnownFileType = sourcecode.swift; path = CharactersViewController.swift; sourceTree = "<group>"; };
		CDE235B526F0E4FC0000DC99 /* Assets.xcassets */ = {isa = PBXFileReference; lastKnownFileType = folder.assetcatalog; path = Assets.xcassets; sourceTree = "<group>"; };
		CDE235B826F0E4FC0000DC99 /* Base */ = {isa = PBXFileReference; lastKnownFileType = file.storyboard; name = Base; path = Base.lproj/LaunchScreen.storyboard; sourceTree = "<group>"; };
		CDE235BA26F0E4FC0000DC99 /* Info.plist */ = {isa = PBXFileReference; lastKnownFileType = text.plist.xml; path = Info.plist; sourceTree = "<group>"; };
		CDE235BF26F0E4FC0000DC99 /* MarvelAppTests.xctest */ = {isa = PBXFileReference; explicitFileType = wrapper.cfbundle; includeInIndex = 0; path = MarvelAppTests.xctest; sourceTree = BUILT_PRODUCTS_DIR; };
		CDE235C526F0E4FC0000DC99 /* Info.plist */ = {isa = PBXFileReference; lastKnownFileType = text.plist.xml; path = Info.plist; sourceTree = "<group>"; };
		CDE235CA26F0E4FC0000DC99 /* MarvelAppUITests.xctest */ = {isa = PBXFileReference; explicitFileType = wrapper.cfbundle; includeInIndex = 0; path = MarvelAppUITests.xctest; sourceTree = BUILT_PRODUCTS_DIR; };
		CDE235CE26F0E4FC0000DC99 /* MarvelAppUITests.swift */ = {isa = PBXFileReference; lastKnownFileType = sourcecode.swift; path = MarvelAppUITests.swift; sourceTree = "<group>"; };
		CDE235D026F0E4FC0000DC99 /* Info.plist */ = {isa = PBXFileReference; lastKnownFileType = text.plist.xml; path = Info.plist; sourceTree = "<group>"; };
		CDE235DD26F0F7320000DC99 /* MarvelAPI.swift */ = {isa = PBXFileReference; lastKnownFileType = sourcecode.swift; name = MarvelAPI.swift; path = MarvelApp/Service/APIConfiguration/MarvelAPI.swift; sourceTree = SOURCE_ROOT; };
		CDE235E126F0FC530000DC99 /* MarvelAPIAuthenticationProvider.swift */ = {isa = PBXFileReference; lastKnownFileType = sourcecode.swift; path = MarvelAPIAuthenticationProvider.swift; sourceTree = "<group>"; };
		CDE235E426F0FD680000DC99 /* MarvelAuthenticationObject.swift */ = {isa = PBXFileReference; lastKnownFileType = sourcecode.swift; path = MarvelAuthenticationObject.swift; sourceTree = "<group>"; };
		D460BE58DEBC72A3B806D6E5 /* Pods-MarvelApp.release.xcconfig */ = {isa = PBXFileReference; includeInIndex = 1; lastKnownFileType = text.xcconfig; name = "Pods-MarvelApp.release.xcconfig"; path = "Target Support Files/Pods-MarvelApp/Pods-MarvelApp.release.xcconfig"; sourceTree = "<group>"; };
		DEF29EF0003767D4522C039A /* Pods-MarvelApp-MarvelAppTests.debug.xcconfig */ = {isa = PBXFileReference; includeInIndex = 1; lastKnownFileType = text.xcconfig; name = "Pods-MarvelApp-MarvelAppTests.debug.xcconfig"; path = "Target Support Files/Pods-MarvelApp-MarvelAppTests/Pods-MarvelApp-MarvelAppTests.debug.xcconfig"; sourceTree = "<group>"; };
		E434EF4CC4C8F4D4D3DC6F9D /* Pods-MarvelApp-MarvelSnapshotTests.debug.xcconfig */ = {isa = PBXFileReference; includeInIndex = 1; lastKnownFileType = text.xcconfig; name = "Pods-MarvelApp-MarvelSnapshotTests.debug.xcconfig"; path = "Target Support Files/Pods-MarvelApp-MarvelSnapshotTests/Pods-MarvelApp-MarvelSnapshotTests.debug.xcconfig"; sourceTree = "<group>"; };
		E62D7B27DD478AB8E7470FA6 /* Pods-MarvelApp-MarvelAppUITests.debug.xcconfig */ = {isa = PBXFileReference; includeInIndex = 1; lastKnownFileType = text.xcconfig; name = "Pods-MarvelApp-MarvelAppUITests.debug.xcconfig"; path = "Target Support Files/Pods-MarvelApp-MarvelAppUITests/Pods-MarvelApp-MarvelAppUITests.debug.xcconfig"; sourceTree = "<group>"; };
/* End PBXFileReference section */

/* Begin PBXFrameworksBuildPhase section */
		CD98D9E226F93DFB00AB2A10 /* Frameworks */ = {
			isa = PBXFrameworksBuildPhase;
			buildActionMask = 2147483647;
			files = (
				943966C8293C39E363F192DC /* Pods_MarvelApp_MarvelSnapshotTests.framework in Frameworks */,
			);
			runOnlyForDeploymentPostprocessing = 0;
		};
		CDE235A626F0E4FB0000DC99 /* Frameworks */ = {
			isa = PBXFrameworksBuildPhase;
			buildActionMask = 2147483647;
			files = (
				60E39A273BE989290463C594 /* Pods_MarvelApp.framework in Frameworks */,
			);
			runOnlyForDeploymentPostprocessing = 0;
		};
		CDE235BC26F0E4FC0000DC99 /* Frameworks */ = {
			isa = PBXFrameworksBuildPhase;
			buildActionMask = 2147483647;
			files = (
				403A126A237A0A6F4CE6F546 /* Pods_MarvelApp_MarvelAppTests.framework in Frameworks */,
			);
			runOnlyForDeploymentPostprocessing = 0;
		};
		CDE235C726F0E4FC0000DC99 /* Frameworks */ = {
			isa = PBXFrameworksBuildPhase;
			buildActionMask = 2147483647;
			files = (
				0174CCAF7AA03C8231C795BE /* Pods_MarvelApp_MarvelAppUITests.framework in Frameworks */,
			);
			runOnlyForDeploymentPostprocessing = 0;
		};
/* End PBXFrameworksBuildPhase section */

/* Begin PBXGroup section */
		3F0D80ADB8D1602241CDC63B /* Frameworks */ = {
			isa = PBXGroup;
			children = (
				12798D970C58AE55AD343C51 /* Pods_MarvelApp.framework */,
				7D70934DFCB829B63C7B1B79 /* Pods_MarvelApp_MarvelAppUITests.framework */,
				97410609F7320DB9D89DEA44 /* Pods_MarvelApp_MarvelAppTests.framework */,
				08382B0FD8BBF951D4C5A062 /* Pods_MarvelApp_MarvelSnapshotTests.framework */,
			);
			name = Frameworks;
			sourceTree = "<group>";
		};
		CA483C817FDD42B43A60ADFC /* Pods */ = {
			isa = PBXGroup;
			children = (
				A231ABCECA0D7E911A36DDA2 /* Pods-MarvelApp.debug.xcconfig */,
				D460BE58DEBC72A3B806D6E5 /* Pods-MarvelApp.release.xcconfig */,
				E62D7B27DD478AB8E7470FA6 /* Pods-MarvelApp-MarvelAppUITests.debug.xcconfig */,
				48314D4C2D68098C3449802F /* Pods-MarvelApp-MarvelAppUITests.release.xcconfig */,
				97AA185F22B188305A072E03 /* Pods-MarvelAppTests.debug.xcconfig */,
				AE8C35E3D67FD75B35D23E6E /* Pods-MarvelAppTests.release.xcconfig */,
				DEF29EF0003767D4522C039A /* Pods-MarvelApp-MarvelAppTests.debug.xcconfig */,
				4F8853B2D0D71B4914890E0D /* Pods-MarvelApp-MarvelAppTests.release.xcconfig */,
				E434EF4CC4C8F4D4D3DC6F9D /* Pods-MarvelApp-MarvelSnapshotTests.debug.xcconfig */,
				6E49B4FB3FEE4940E80007A9 /* Pods-MarvelApp-MarvelSnapshotTests.release.xcconfig */,
			);
			path = Pods;
			sourceTree = "<group>";
		};
		CD4165C026F3935400CA8ED1 /* Infrastructure */ = {
			isa = PBXGroup;
			children = (
				CD4165C126F393AC00CA8ED1 /* BaseView.swift */,
				CD4165C326F393AC00CA8ED1 /* Coordinator.swift */,
				CD4165C226F393AC00CA8ED1 /* ViewCodedViewController.swift */,
			);
			path = Infrastructure;
			sourceTree = "<group>";
		};
		CD4165C926F3E3CE00CA8ED1 /* Scenes */ = {
			isa = PBXGroup;
			children = (
				CD4165CA26F3E3F400CA8ED1 /* Characters */,
			);
			path = Scenes;
			sourceTree = "<group>";
		};
		CD4165CA26F3E3F400CA8ED1 /* Characters */ = {
			isa = PBXGroup;
			children = (
				CD4165D526F3EFF900CA8ED1 /* Coordinator */,
				CD4165D626F3F00000CA8ED1 /* ViewModel */,
				CD4165D726F3F00500CA8ED1 /* ViewController */,
				CD4165D826F3F01D00CA8ED1 /* View */,
			);
			path = Characters;
			sourceTree = "<group>";
		};
		CD4165D526F3EFF900CA8ED1 /* Coordinator */ = {
			isa = PBXGroup;
			children = (
				CD4165CB26F3E41800CA8ED1 /* CharactersCoordinator.swift */,
			);
			path = Coordinator;
			sourceTree = "<group>";
		};
		CD4165D626F3F00000CA8ED1 /* ViewModel */ = {
			isa = PBXGroup;
			children = (
				CD4165CD26F3E47200CA8ED1 /* CharactersViewModel.swift */,
				CD4CB5F026F4F87B0035CDA4 /* CharacterCellViewModel.swift */,
			);
			path = ViewModel;
			sourceTree = "<group>";
		};
		CD4165D726F3F00500CA8ED1 /* ViewController */ = {
			isa = PBXGroup;
			children = (
				CDE235B026F0E4FB0000DC99 /* CharactersViewController.swift */,
			);
			path = ViewController;
			sourceTree = "<group>";
		};
		CD4165D826F3F01D00CA8ED1 /* View */ = {
			isa = PBXGroup;
			children = (
				CD4165CF26F3E4EB00CA8ED1 /* CharactersView.swift */,
				CD4CB5F626F7CF580035CDA4 /* Cell */,
			);
			path = View;
			sourceTree = "<group>";
		};
		CD4CB5F626F7CF580035CDA4 /* Cell */ = {
			isa = PBXGroup;
			children = (
				CD4CB5EE26F4F7C00035CDA4 /* CharacterCollectionViewCell.swift */,
			);
			path = Cell;
			sourceTree = "<group>";
		};
		CD52FB4C26F1010C008DFD07 /* Extensions */ = {
			isa = PBXGroup;
			children = (
				CD52FB4D26F10146008DFD07 /* Encodable+Dictionary.swift */,
				CD4165D126F3EECA00CA8ED1 /* UINavigation+MarvelAppearance.swift */,
				CD4165D326F3EF8200CA8ED1 /* UIColor+MarvelColors.swift */,
				CD4CB5F226F4FD510035CDA4 /* UICollectionView+DequeuingReusableCell.swift */,
				CD4CB5F426F7C5D10035CDA4 /* UILabel+Init.swift */,
				CD4CB5F726F7E4250035CDA4 /* UITextView+Init.swift */,
			);
			path = Extensions;
			sourceTree = "<group>";
		};
		CD52FB5726F11838008DFD07 /* Models */ = {
			isa = PBXGroup;
			children = (
				CD52FB5826F11847008DFD07 /* Character.swift */,
			);
			path = Models;
			sourceTree = "<group>";
		};
		CD52FB5E26F11E5B008DFD07 /* APIConfiguration */ = {
			isa = PBXGroup;
			children = (
				CD52FB5126F104EA008DFD07 /* MarvelAuthenticationProviderTests.swift */,
				CD52FB5326F10F5E008DFD07 /* MarvelAPITests.swift */,
			);
			path = APIConfiguration;
			sourceTree = "<group>";
		};
		CD52FB5F26F11E6E008DFD07 /* Services */ = {
			isa = PBXGroup;
			children = (
				CD52FB5C26F11DA9008DFD07 /* CharactersServiceTests.swift */,
			);
			path = Services;
			sourceTree = "<group>";
		};
		CD52FB6026F11F3A008DFD07 /* Extensions */ = {
			isa = PBXGroup;
			children = (
				CD52FB6126F11F70008DFD07 /* XCTestCase+Decode.swift */,
			);
			path = Extensions;
			sourceTree = "<group>";
		};
		CD52FB6326F126B5008DFD07 /* Mocks */ = {
			isa = PBXGroup;
			children = (
				CD98D9F126F9419A00AB2A10 /* Json */,
				CD98D9F226F941A700AB2A10 /* TestError.swift */,
				CD98D9F526F9489700AB2A10 /* MockCharactersService.swift */,
				CD98D9F726F948D000AB2A10 /* MockHashProvider.swift */,
				CD98D9F926F948F800AB2A10 /* MockMarvelAuthenticationProvider.swift */,
				CD98D9FB26F9491600AB2A10 /* MockNetworkManager.swift */,
			);
			path = Mocks;
			sourceTree = "<group>";
		};
		CD52FB6626F12728008DFD07 /* Tests */ = {
			isa = PBXGroup;
			children = (
				CDB554E426F8BAB000B090F3 /* ViewModels */,
				CD52FB5E26F11E5B008DFD07 /* APIConfiguration */,
				CD52FB5F26F11E6E008DFD07 /* Services */,
			);
			path = Tests;
			sourceTree = "<group>";
		};
		CD98D9E626F93DFB00AB2A10 /* MarvelSnapshotTests */ = {
			isa = PBXGroup;
			children = (
				CD98D9E926F93DFB00AB2A10 /* Info.plist */,
				CD98D9EF26F93F4500AB2A10 /* CharactersViewControllerSnapshotTests.swift */,
			);
			path = MarvelSnapshotTests;
			sourceTree = "<group>";
		};
		CD98D9F126F9419A00AB2A10 /* Json */ = {
			isa = PBXGroup;
			children = (
				CD52FB6426F126EC008DFD07 /* Characters.json */,
			);
			path = Json;
			sourceTree = "<group>";
		};
		CDB554E426F8BAB000B090F3 /* ViewModels */ = {
			isa = PBXGroup;
			children = (
				CDB554E526F8BACA00B090F3 /* CharactersViewModelTests.swift */,
			);
			path = ViewModels;
			sourceTree = "<group>";
		};
		CDE235A026F0E4FB0000DC99 = {
			isa = PBXGroup;
			children = (
				CDE235AB26F0E4FB0000DC99 /* MarvelApp */,
				CDE235C226F0E4FC0000DC99 /* MarvelAppTests */,
				CDE235CD26F0E4FC0000DC99 /* MarvelAppUITests */,
				CD98D9E626F93DFB00AB2A10 /* MarvelSnapshotTests */,
				CDE235AA26F0E4FB0000DC99 /* Products */,
				CA483C817FDD42B43A60ADFC /* Pods */,
				3F0D80ADB8D1602241CDC63B /* Frameworks */,
			);
			sourceTree = "<group>";
		};
		CDE235AA26F0E4FB0000DC99 /* Products */ = {
			isa = PBXGroup;
			children = (
				CDE235A926F0E4FB0000DC99 /* MarvelApp.app */,
				CDE235BF26F0E4FC0000DC99 /* MarvelAppTests.xctest */,
				CDE235CA26F0E4FC0000DC99 /* MarvelAppUITests.xctest */,
				CD98D9E526F93DFB00AB2A10 /* MarvelSnapshotTests.xctest */,
			);
			name = Products;
			sourceTree = "<group>";
		};
		CDE235AB26F0E4FB0000DC99 /* MarvelApp */ = {
			isa = PBXGroup;
			children = (
				CD4165C926F3E3CE00CA8ED1 /* Scenes */,
				CD4165C026F3935400CA8ED1 /* Infrastructure */,
				CD52FB4C26F1010C008DFD07 /* Extensions */,
				CDE235DC26F0F7190000DC99 /* Service */,
				CD52FB5726F11838008DFD07 /* Models */,
				CDE235AC26F0E4FB0000DC99 /* AppDelegate.swift */,
				CDE235AE26F0E4FB0000DC99 /* SceneDelegate.swift */,
				CDE235B526F0E4FC0000DC99 /* Assets.xcassets */,
				CDE235B726F0E4FC0000DC99 /* LaunchScreen.storyboard */,
				CDE235BA26F0E4FC0000DC99 /* Info.plist */,
			);
			path = MarvelApp;
			sourceTree = "<group>";
		};
		CDE235C226F0E4FC0000DC99 /* MarvelAppTests */ = {
			isa = PBXGroup;
			children = (
				CD52FB6626F12728008DFD07 /* Tests */,
				CD52FB6026F11F3A008DFD07 /* Extensions */,
				CD52FB6326F126B5008DFD07 /* Mocks */,
				CDE235C526F0E4FC0000DC99 /* Info.plist */,
			);
			path = MarvelAppTests;
			sourceTree = "<group>";
		};
		CDE235CD26F0E4FC0000DC99 /* MarvelAppUITests */ = {
			isa = PBXGroup;
			children = (
				CDE235CE26F0E4FC0000DC99 /* MarvelAppUITests.swift */,
				CDE235D026F0E4FC0000DC99 /* Info.plist */,
			);
			path = MarvelAppUITests;
			sourceTree = "<group>";
		};
		CDE235DC26F0F7190000DC99 /* Service */ = {
			isa = PBXGroup;
			children = (
				CDE235E326F0FD360000DC99 /* APIConfiguration */,
				CD52FB5526F11231008DFD07 /* CharactersService.swift */,
			);
			path = Service;
			sourceTree = "<group>";
		};
		CDE235E326F0FD360000DC99 /* APIConfiguration */ = {
			isa = PBXGroup;
			children = (
				CDE235DD26F0F7320000DC99 /* MarvelAPI.swift */,
				CDE235E126F0FC530000DC99 /* MarvelAPIAuthenticationProvider.swift */,
				CDE235E426F0FD680000DC99 /* MarvelAuthenticationObject.swift */,
			);
			path = APIConfiguration;
			sourceTree = "<group>";
		};
/* End PBXGroup section */

/* Begin PBXNativeTarget section */
		CD98D9E426F93DFB00AB2A10 /* MarvelSnapshotTests */ = {
			isa = PBXNativeTarget;
			buildConfigurationList = CD98D9EC26F93DFB00AB2A10 /* Build configuration list for PBXNativeTarget "MarvelSnapshotTests" */;
			buildPhases = (
				E225C267AB7B9BEF8E3C6C9B /* [CP] Check Pods Manifest.lock */,
				CD98D9E126F93DFB00AB2A10 /* Sources */,
				CD98D9E226F93DFB00AB2A10 /* Frameworks */,
				CD98D9E326F93DFB00AB2A10 /* Resources */,
				D25BAFE4B85BFB45209E841D /* [CP] Embed Pods Frameworks */,
			);
			buildRules = (
			);
			dependencies = (
				CD98D9EB26F93DFB00AB2A10 /* PBXTargetDependency */,
			);
			name = MarvelSnapshotTests;
			productName = MarvelSnapshotTests;
			productReference = CD98D9E526F93DFB00AB2A10 /* MarvelSnapshotTests.xctest */;
			productType = "com.apple.product-type.bundle.unit-test";
		};
		CDE235A826F0E4FB0000DC99 /* MarvelApp */ = {
			isa = PBXNativeTarget;
			buildConfigurationList = CDE235D326F0E4FC0000DC99 /* Build configuration list for PBXNativeTarget "MarvelApp" */;
			buildPhases = (
				BA2B69788706E6520A6F6AB5 /* [CP] Check Pods Manifest.lock */,
				CDE235A526F0E4FB0000DC99 /* Sources */,
				CDE235A626F0E4FB0000DC99 /* Frameworks */,
				CDE235A726F0E4FB0000DC99 /* Resources */,
				8E66E5C0BAD8AA95495622A4 /* [CP] Embed Pods Frameworks */,
			);
			buildRules = (
			);
			dependencies = (
			);
			name = MarvelApp;
			productName = MarvelApp;
			productReference = CDE235A926F0E4FB0000DC99 /* MarvelApp.app */;
			productType = "com.apple.product-type.application";
		};
		CDE235BE26F0E4FC0000DC99 /* MarvelAppTests */ = {
			isa = PBXNativeTarget;
			buildConfigurationList = CDE235D626F0E4FC0000DC99 /* Build configuration list for PBXNativeTarget "MarvelAppTests" */;
			buildPhases = (
				16EE3D030FE4E77F3B93B50E /* [CP] Check Pods Manifest.lock */,
				CDE235BB26F0E4FC0000DC99 /* Sources */,
				CDE235BC26F0E4FC0000DC99 /* Frameworks */,
				CDE235BD26F0E4FC0000DC99 /* Resources */,
				3D2D5EEF42B71EE46CA35F60 /* [CP] Embed Pods Frameworks */,
			);
			buildRules = (
			);
			dependencies = (
				CDE235C126F0E4FC0000DC99 /* PBXTargetDependency */,
			);
			name = MarvelAppTests;
			productName = MarvelAppTests;
			productReference = CDE235BF26F0E4FC0000DC99 /* MarvelAppTests.xctest */;
			productType = "com.apple.product-type.bundle.unit-test";
		};
		CDE235C926F0E4FC0000DC99 /* MarvelAppUITests */ = {
			isa = PBXNativeTarget;
			buildConfigurationList = CDE235D926F0E4FC0000DC99 /* Build configuration list for PBXNativeTarget "MarvelAppUITests" */;
			buildPhases = (
				97A2AB46AF38ED85A5AC58F7 /* [CP] Check Pods Manifest.lock */,
				CDE235C626F0E4FC0000DC99 /* Sources */,
				CDE235C726F0E4FC0000DC99 /* Frameworks */,
				CDE235C826F0E4FC0000DC99 /* Resources */,
				208ADD76D59EFC10F6E8354E /* [CP] Embed Pods Frameworks */,
			);
			buildRules = (
			);
			dependencies = (
				CDE235CC26F0E4FC0000DC99 /* PBXTargetDependency */,
			);
			name = MarvelAppUITests;
			productName = MarvelAppUITests;
			productReference = CDE235CA26F0E4FC0000DC99 /* MarvelAppUITests.xctest */;
			productType = "com.apple.product-type.bundle.ui-testing";
		};
/* End PBXNativeTarget section */

/* Begin PBXProject section */
		CDE235A126F0E4FB0000DC99 /* Project object */ = {
			isa = PBXProject;
			attributes = {
				LastSwiftUpdateCheck = 1250;
				LastUpgradeCheck = 1250;
				TargetAttributes = {
					CD98D9E426F93DFB00AB2A10 = {
						CreatedOnToolsVersion = 12.5.1;
						LastSwiftMigration = 1250;
						TestTargetID = CDE235A826F0E4FB0000DC99;
					};
					CDE235A826F0E4FB0000DC99 = {
						CreatedOnToolsVersion = 12.5.1;
					};
					CDE235BE26F0E4FC0000DC99 = {
						CreatedOnToolsVersion = 12.5.1;
						TestTargetID = CDE235A826F0E4FB0000DC99;
					};
					CDE235C926F0E4FC0000DC99 = {
						CreatedOnToolsVersion = 12.5.1;
						TestTargetID = CDE235A826F0E4FB0000DC99;
					};
				};
			};
			buildConfigurationList = CDE235A426F0E4FB0000DC99 /* Build configuration list for PBXProject "MarvelApp" */;
			compatibilityVersion = "Xcode 9.3";
			developmentRegion = en;
			hasScannedForEncodings = 0;
			knownRegions = (
				en,
				Base,
			);
			mainGroup = CDE235A026F0E4FB0000DC99;
			productRefGroup = CDE235AA26F0E4FB0000DC99 /* Products */;
			projectDirPath = "";
			projectRoot = "";
			targets = (
				CDE235A826F0E4FB0000DC99 /* MarvelApp */,
				CDE235BE26F0E4FC0000DC99 /* MarvelAppTests */,
				CDE235C926F0E4FC0000DC99 /* MarvelAppUITests */,
				CD98D9E426F93DFB00AB2A10 /* MarvelSnapshotTests */,
			);
		};
/* End PBXProject section */

/* Begin PBXResourcesBuildPhase section */
		CD98D9E326F93DFB00AB2A10 /* Resources */ = {
			isa = PBXResourcesBuildPhase;
			buildActionMask = 2147483647;
			files = (
			);
			runOnlyForDeploymentPostprocessing = 0;
		};
		CDE235A726F0E4FB0000DC99 /* Resources */ = {
			isa = PBXResourcesBuildPhase;
			buildActionMask = 2147483647;
			files = (
				CDE235B926F0E4FC0000DC99 /* LaunchScreen.storyboard in Resources */,
				CDE235B626F0E4FC0000DC99 /* Assets.xcassets in Resources */,
			);
			runOnlyForDeploymentPostprocessing = 0;
		};
		CDE235BD26F0E4FC0000DC99 /* Resources */ = {
			isa = PBXResourcesBuildPhase;
			buildActionMask = 2147483647;
			files = (
				CD52FB6526F126EC008DFD07 /* Characters.json in Resources */,
			);
			runOnlyForDeploymentPostprocessing = 0;
		};
		CDE235C826F0E4FC0000DC99 /* Resources */ = {
			isa = PBXResourcesBuildPhase;
			buildActionMask = 2147483647;
			files = (
			);
			runOnlyForDeploymentPostprocessing = 0;
		};
/* End PBXResourcesBuildPhase section */

/* Begin PBXShellScriptBuildPhase section */
		16EE3D030FE4E77F3B93B50E /* [CP] Check Pods Manifest.lock */ = {
			isa = PBXShellScriptBuildPhase;
			buildActionMask = 2147483647;
			files = (
			);
			inputFileListPaths = (
			);
			inputPaths = (
				"${PODS_PODFILE_DIR_PATH}/Podfile.lock",
				"${PODS_ROOT}/Manifest.lock",
			);
			name = "[CP] Check Pods Manifest.lock";
			outputFileListPaths = (
			);
			outputPaths = (
				"$(DERIVED_FILE_DIR)/Pods-MarvelApp-MarvelAppTests-checkManifestLockResult.txt",
			);
			runOnlyForDeploymentPostprocessing = 0;
			shellPath = /bin/sh;
			shellScript = "diff \"${PODS_PODFILE_DIR_PATH}/Podfile.lock\" \"${PODS_ROOT}/Manifest.lock\" > /dev/null\nif [ $? != 0 ] ; then\n    # print error to STDERR\n    echo \"error: The sandbox is not in sync with the Podfile.lock. Run 'pod install' or update your CocoaPods installation.\" >&2\n    exit 1\nfi\n# This output is used by Xcode 'outputs' to avoid re-running this script phase.\necho \"SUCCESS\" > \"${SCRIPT_OUTPUT_FILE_0}\"\n";
			showEnvVarsInLog = 0;
		};
		208ADD76D59EFC10F6E8354E /* [CP] Embed Pods Frameworks */ = {
			isa = PBXShellScriptBuildPhase;
			buildActionMask = 2147483647;
			files = (
			);
			inputFileListPaths = (
				"${PODS_ROOT}/Target Support Files/Pods-MarvelApp-MarvelAppUITests/Pods-MarvelApp-MarvelAppUITests-frameworks-${CONFIGURATION}-input-files.xcfilelist",
			);
			name = "[CP] Embed Pods Frameworks";
			outputFileListPaths = (
				"${PODS_ROOT}/Target Support Files/Pods-MarvelApp-MarvelAppUITests/Pods-MarvelApp-MarvelAppUITests-frameworks-${CONFIGURATION}-output-files.xcfilelist",
			);
			runOnlyForDeploymentPostprocessing = 0;
			shellPath = /bin/sh;
			shellScript = "\"${PODS_ROOT}/Target Support Files/Pods-MarvelApp-MarvelAppUITests/Pods-MarvelApp-MarvelAppUITests-frameworks.sh\"\n";
			showEnvVarsInLog = 0;
		};
		3D2D5EEF42B71EE46CA35F60 /* [CP] Embed Pods Frameworks */ = {
			isa = PBXShellScriptBuildPhase;
			buildActionMask = 2147483647;
			files = (
			);
			inputFileListPaths = (
				"${PODS_ROOT}/Target Support Files/Pods-MarvelApp-MarvelAppTests/Pods-MarvelApp-MarvelAppTests-frameworks-${CONFIGURATION}-input-files.xcfilelist",
			);
			name = "[CP] Embed Pods Frameworks";
			outputFileListPaths = (
				"${PODS_ROOT}/Target Support Files/Pods-MarvelApp-MarvelAppTests/Pods-MarvelApp-MarvelAppTests-frameworks-${CONFIGURATION}-output-files.xcfilelist",
			);
			runOnlyForDeploymentPostprocessing = 0;
			shellPath = /bin/sh;
			shellScript = "\"${PODS_ROOT}/Target Support Files/Pods-MarvelApp-MarvelAppTests/Pods-MarvelApp-MarvelAppTests-frameworks.sh\"\n";
			showEnvVarsInLog = 0;
		};
		8E66E5C0BAD8AA95495622A4 /* [CP] Embed Pods Frameworks */ = {
			isa = PBXShellScriptBuildPhase;
			buildActionMask = 2147483647;
			files = (
			);
			inputFileListPaths = (
				"${PODS_ROOT}/Target Support Files/Pods-MarvelApp/Pods-MarvelApp-frameworks-${CONFIGURATION}-input-files.xcfilelist",
			);
			name = "[CP] Embed Pods Frameworks";
			outputFileListPaths = (
				"${PODS_ROOT}/Target Support Files/Pods-MarvelApp/Pods-MarvelApp-frameworks-${CONFIGURATION}-output-files.xcfilelist",
			);
			runOnlyForDeploymentPostprocessing = 0;
			shellPath = /bin/sh;
			shellScript = "\"${PODS_ROOT}/Target Support Files/Pods-MarvelApp/Pods-MarvelApp-frameworks.sh\"\n";
			showEnvVarsInLog = 0;
		};
		97A2AB46AF38ED85A5AC58F7 /* [CP] Check Pods Manifest.lock */ = {
			isa = PBXShellScriptBuildPhase;
			buildActionMask = 2147483647;
			files = (
			);
			inputFileListPaths = (
			);
			inputPaths = (
				"${PODS_PODFILE_DIR_PATH}/Podfile.lock",
				"${PODS_ROOT}/Manifest.lock",
			);
			name = "[CP] Check Pods Manifest.lock";
			outputFileListPaths = (
			);
			outputPaths = (
				"$(DERIVED_FILE_DIR)/Pods-MarvelApp-MarvelAppUITests-checkManifestLockResult.txt",
			);
			runOnlyForDeploymentPostprocessing = 0;
			shellPath = /bin/sh;
			shellScript = "diff \"${PODS_PODFILE_DIR_PATH}/Podfile.lock\" \"${PODS_ROOT}/Manifest.lock\" > /dev/null\nif [ $? != 0 ] ; then\n    # print error to STDERR\n    echo \"error: The sandbox is not in sync with the Podfile.lock. Run 'pod install' or update your CocoaPods installation.\" >&2\n    exit 1\nfi\n# This output is used by Xcode 'outputs' to avoid re-running this script phase.\necho \"SUCCESS\" > \"${SCRIPT_OUTPUT_FILE_0}\"\n";
			showEnvVarsInLog = 0;
		};
		BA2B69788706E6520A6F6AB5 /* [CP] Check Pods Manifest.lock */ = {
			isa = PBXShellScriptBuildPhase;
			buildActionMask = 2147483647;
			files = (
			);
			inputFileListPaths = (
			);
			inputPaths = (
				"${PODS_PODFILE_DIR_PATH}/Podfile.lock",
				"${PODS_ROOT}/Manifest.lock",
			);
			name = "[CP] Check Pods Manifest.lock";
			outputFileListPaths = (
			);
			outputPaths = (
				"$(DERIVED_FILE_DIR)/Pods-MarvelApp-checkManifestLockResult.txt",
			);
			runOnlyForDeploymentPostprocessing = 0;
			shellPath = /bin/sh;
			shellScript = "diff \"${PODS_PODFILE_DIR_PATH}/Podfile.lock\" \"${PODS_ROOT}/Manifest.lock\" > /dev/null\nif [ $? != 0 ] ; then\n    # print error to STDERR\n    echo \"error: The sandbox is not in sync with the Podfile.lock. Run 'pod install' or update your CocoaPods installation.\" >&2\n    exit 1\nfi\n# This output is used by Xcode 'outputs' to avoid re-running this script phase.\necho \"SUCCESS\" > \"${SCRIPT_OUTPUT_FILE_0}\"\n";
			showEnvVarsInLog = 0;
		};
		D25BAFE4B85BFB45209E841D /* [CP] Embed Pods Frameworks */ = {
			isa = PBXShellScriptBuildPhase;
			buildActionMask = 2147483647;
			files = (
			);
			inputFileListPaths = (
				"${PODS_ROOT}/Target Support Files/Pods-MarvelApp-MarvelSnapshotTests/Pods-MarvelApp-MarvelSnapshotTests-frameworks-${CONFIGURATION}-input-files.xcfilelist",
			);
			name = "[CP] Embed Pods Frameworks";
			outputFileListPaths = (
				"${PODS_ROOT}/Target Support Files/Pods-MarvelApp-MarvelSnapshotTests/Pods-MarvelApp-MarvelSnapshotTests-frameworks-${CONFIGURATION}-output-files.xcfilelist",
			);
			runOnlyForDeploymentPostprocessing = 0;
			shellPath = /bin/sh;
			shellScript = "\"${PODS_ROOT}/Target Support Files/Pods-MarvelApp-MarvelSnapshotTests/Pods-MarvelApp-MarvelSnapshotTests-frameworks.sh\"\n";
			showEnvVarsInLog = 0;
		};
		E225C267AB7B9BEF8E3C6C9B /* [CP] Check Pods Manifest.lock */ = {
			isa = PBXShellScriptBuildPhase;
			buildActionMask = 2147483647;
			files = (
			);
			inputFileListPaths = (
			);
			inputPaths = (
				"${PODS_PODFILE_DIR_PATH}/Podfile.lock",
				"${PODS_ROOT}/Manifest.lock",
			);
			name = "[CP] Check Pods Manifest.lock";
			outputFileListPaths = (
			);
			outputPaths = (
				"$(DERIVED_FILE_DIR)/Pods-MarvelApp-MarvelSnapshotTests-checkManifestLockResult.txt",
			);
			runOnlyForDeploymentPostprocessing = 0;
			shellPath = /bin/sh;
			shellScript = "diff \"${PODS_PODFILE_DIR_PATH}/Podfile.lock\" \"${PODS_ROOT}/Manifest.lock\" > /dev/null\nif [ $? != 0 ] ; then\n    # print error to STDERR\n    echo \"error: The sandbox is not in sync with the Podfile.lock. Run 'pod install' or update your CocoaPods installation.\" >&2\n    exit 1\nfi\n# This output is used by Xcode 'outputs' to avoid re-running this script phase.\necho \"SUCCESS\" > \"${SCRIPT_OUTPUT_FILE_0}\"\n";
			showEnvVarsInLog = 0;
		};
/* End PBXShellScriptBuildPhase section */

/* Begin PBXSourcesBuildPhase section */
		CD98D9E126F93DFB00AB2A10 /* Sources */ = {
			isa = PBXSourcesBuildPhase;
			buildActionMask = 2147483647;
			files = (
				CD98D9F426F941AC00AB2A10 /* TestError.swift in Sources */,
				CD98D9F026F93F4500AB2A10 /* CharactersViewControllerSnapshotTests.swift in Sources */,
			);
			runOnlyForDeploymentPostprocessing = 0;
		};
		CDE235A526F0E4FB0000DC99 /* Sources */ = {
			isa = PBXSourcesBuildPhase;
			buildActionMask = 2147483647;
			files = (
				CD4165D426F3EF8200CA8ED1 /* UIColor+MarvelColors.swift in Sources */,
				CD4CB5F126F4F87B0035CDA4 /* CharacterCellViewModel.swift in Sources */,
				CD52FB5926F11847008DFD07 /* Character.swift in Sources */,
				CDE235B126F0E4FB0000DC99 /* CharactersViewController.swift in Sources */,
				CDE235AD26F0E4FB0000DC99 /* AppDelegate.swift in Sources */,
				CD4165C726F393AC00CA8ED1 /* Coordinator.swift in Sources */,
				CDE235E526F0FD680000DC99 /* MarvelAuthenticationObject.swift in Sources */,
				CD4165C626F393AC00CA8ED1 /* ViewCodedViewController.swift in Sources */,
				CD4165CC26F3E41800CA8ED1 /* CharactersCoordinator.swift in Sources */,
				CD52FB4E26F10146008DFD07 /* Encodable+Dictionary.swift in Sources */,
				CD4165CE26F3E47200CA8ED1 /* CharactersViewModel.swift in Sources */,
				CD4165D026F3E4EB00CA8ED1 /* CharactersView.swift in Sources */,
				CDE235AF26F0E4FB0000DC99 /* SceneDelegate.swift in Sources */,
				CD4CB5EF26F4F7C00035CDA4 /* CharacterCollectionViewCell.swift in Sources */,
				CD4CB5F526F7C5D10035CDA4 /* UILabel+Init.swift in Sources */,
				CDE235DE26F0F7320000DC99 /* MarvelAPI.swift in Sources */,
				CD4165C526F393AC00CA8ED1 /* BaseView.swift in Sources */,
				CD4CB5F326F4FD510035CDA4 /* UICollectionView+DequeuingReusableCell.swift in Sources */,
				CD52FB5626F11231008DFD07 /* CharactersService.swift in Sources */,
				CD4165D226F3EECA00CA8ED1 /* UINavigation+MarvelAppearance.swift in Sources */,
				CD4CB5F826F7E4250035CDA4 /* UITextView+Init.swift in Sources */,
				CDE235E226F0FC530000DC99 /* MarvelAPIAuthenticationProvider.swift in Sources */,
			);
			runOnlyForDeploymentPostprocessing = 0;
		};
		CDE235BB26F0E4FC0000DC99 /* Sources */ = {
			isa = PBXSourcesBuildPhase;
			buildActionMask = 2147483647;
			files = (
				CD98D9F326F941A700AB2A10 /* TestError.swift in Sources */,
				CD98D9FA26F948F800AB2A10 /* MockMarvelAuthenticationProvider.swift in Sources */,
				CD52FB6226F11F70008DFD07 /* XCTestCase+Decode.swift in Sources */,
				CD98D9F826F948D000AB2A10 /* MockHashProvider.swift in Sources */,
				CD98D9FC26F9491600AB2A10 /* MockNetworkManager.swift in Sources */,
				CDB554E626F8BACA00B090F3 /* CharactersViewModelTests.swift in Sources */,
				CD52FB5D26F11DA9008DFD07 /* CharactersServiceTests.swift in Sources */,
				CD98D9F626F9489700AB2A10 /* MockCharactersService.swift in Sources */,
				CD52FB5426F10F5E008DFD07 /* MarvelAPITests.swift in Sources */,
				CD52FB5226F104EA008DFD07 /* MarvelAuthenticationProviderTests.swift in Sources */,
			);
			runOnlyForDeploymentPostprocessing = 0;
		};
		CDE235C626F0E4FC0000DC99 /* Sources */ = {
			isa = PBXSourcesBuildPhase;
			buildActionMask = 2147483647;
			files = (
				CDE235CF26F0E4FC0000DC99 /* MarvelAppUITests.swift in Sources */,
			);
			runOnlyForDeploymentPostprocessing = 0;
		};
/* End PBXSourcesBuildPhase section */

/* Begin PBXTargetDependency section */
		CD98D9EB26F93DFB00AB2A10 /* PBXTargetDependency */ = {
			isa = PBXTargetDependency;
			target = CDE235A826F0E4FB0000DC99 /* MarvelApp */;
			targetProxy = CD98D9EA26F93DFB00AB2A10 /* PBXContainerItemProxy */;
		};
		CDE235C126F0E4FC0000DC99 /* PBXTargetDependency */ = {
			isa = PBXTargetDependency;
			target = CDE235A826F0E4FB0000DC99 /* MarvelApp */;
			targetProxy = CDE235C026F0E4FC0000DC99 /* PBXContainerItemProxy */;
		};
		CDE235CC26F0E4FC0000DC99 /* PBXTargetDependency */ = {
			isa = PBXTargetDependency;
			target = CDE235A826F0E4FB0000DC99 /* MarvelApp */;
			targetProxy = CDE235CB26F0E4FC0000DC99 /* PBXContainerItemProxy */;
		};
/* End PBXTargetDependency section */

/* Begin PBXVariantGroup section */
		CDE235B726F0E4FC0000DC99 /* LaunchScreen.storyboard */ = {
			isa = PBXVariantGroup;
			children = (
				CDE235B826F0E4FC0000DC99 /* Base */,
			);
			name = LaunchScreen.storyboard;
			sourceTree = "<group>";
		};
/* End PBXVariantGroup section */

/* Begin XCBuildConfiguration section */
		CD98D9ED26F93DFB00AB2A10 /* Debug */ = {
			isa = XCBuildConfiguration;
			baseConfigurationReference = E434EF4CC4C8F4D4D3DC6F9D /* Pods-MarvelApp-MarvelSnapshotTests.debug.xcconfig */;
			buildSettings = {
				BUNDLE_LOADER = "$(TEST_HOST)";
				CLANG_ENABLE_MODULES = YES;
				"CODE_SIGN_IDENTITY[sdk=macosx*]" = "Apple Development";
				CODE_SIGN_STYLE = Automatic;
				DEVELOPMENT_TEAM = 2AC5F23QLW;
				INFOPLIST_FILE = MarvelSnapshotTests/Info.plist;
				LD_RUNPATH_SEARCH_PATHS = (
					"$(inherited)",
					"@executable_path/Frameworks",
					"@loader_path/Frameworks",
				);
				PRODUCT_BUNDLE_IDENTIFIER = Gabriel.MarvelSnapshotTests;
				PRODUCT_NAME = "$(TARGET_NAME)";
				SWIFT_OPTIMIZATION_LEVEL = "-Onone";
				SWIFT_VERSION = 5.0;
				TARGETED_DEVICE_FAMILY = "1,2";
				TEST_HOST = "$(BUILT_PRODUCTS_DIR)/MarvelApp.app/MarvelApp";
			};
			name = Debug;
		};
		CD98D9EE26F93DFB00AB2A10 /* Release */ = {
			isa = XCBuildConfiguration;
			baseConfigurationReference = 6E49B4FB3FEE4940E80007A9 /* Pods-MarvelApp-MarvelSnapshotTests.release.xcconfig */;
			buildSettings = {
				BUNDLE_LOADER = "$(TEST_HOST)";
				CLANG_ENABLE_MODULES = YES;
				"CODE_SIGN_IDENTITY[sdk=macosx*]" = "Apple Development";
				CODE_SIGN_STYLE = Automatic;
				DEVELOPMENT_TEAM = 2AC5F23QLW;
				INFOPLIST_FILE = MarvelSnapshotTests/Info.plist;
				LD_RUNPATH_SEARCH_PATHS = (
					"$(inherited)",
					"@executable_path/Frameworks",
					"@loader_path/Frameworks",
				);
				PRODUCT_BUNDLE_IDENTIFIER = Gabriel.MarvelSnapshotTests;
				PRODUCT_NAME = "$(TARGET_NAME)";
				SWIFT_VERSION = 5.0;
				TARGETED_DEVICE_FAMILY = "1,2";
				TEST_HOST = "$(BUILT_PRODUCTS_DIR)/MarvelApp.app/MarvelApp";
			};
			name = Release;
		};
		CDE235D126F0E4FC0000DC99 /* Debug */ = {
			isa = XCBuildConfiguration;
			buildSettings = {
				ALWAYS_SEARCH_USER_PATHS = NO;
				CLANG_ANALYZER_NONNULL = YES;
				CLANG_ANALYZER_NUMBER_OBJECT_CONVERSION = YES_AGGRESSIVE;
				CLANG_CXX_LANGUAGE_STANDARD = "gnu++14";
				CLANG_CXX_LIBRARY = "libc++";
				CLANG_ENABLE_MODULES = YES;
				CLANG_ENABLE_OBJC_ARC = YES;
				CLANG_ENABLE_OBJC_WEAK = YES;
				CLANG_WARN_BLOCK_CAPTURE_AUTORELEASING = YES;
				CLANG_WARN_BOOL_CONVERSION = YES;
				CLANG_WARN_COMMA = YES;
				CLANG_WARN_CONSTANT_CONVERSION = YES;
				CLANG_WARN_DEPRECATED_OBJC_IMPLEMENTATIONS = YES;
				CLANG_WARN_DIRECT_OBJC_ISA_USAGE = YES_ERROR;
				CLANG_WARN_DOCUMENTATION_COMMENTS = YES;
				CLANG_WARN_EMPTY_BODY = YES;
				CLANG_WARN_ENUM_CONVERSION = YES;
				CLANG_WARN_INFINITE_RECURSION = YES;
				CLANG_WARN_INT_CONVERSION = YES;
				CLANG_WARN_NON_LITERAL_NULL_CONVERSION = YES;
				CLANG_WARN_OBJC_IMPLICIT_RETAIN_SELF = YES;
				CLANG_WARN_OBJC_LITERAL_CONVERSION = YES;
				CLANG_WARN_OBJC_ROOT_CLASS = YES_ERROR;
				CLANG_WARN_QUOTED_INCLUDE_IN_FRAMEWORK_HEADER = YES;
				CLANG_WARN_RANGE_LOOP_ANALYSIS = YES;
				CLANG_WARN_STRICT_PROTOTYPES = YES;
				CLANG_WARN_SUSPICIOUS_MOVE = YES;
				CLANG_WARN_UNGUARDED_AVAILABILITY = YES_AGGRESSIVE;
				CLANG_WARN_UNREACHABLE_CODE = YES;
				CLANG_WARN__DUPLICATE_METHOD_MATCH = YES;
				COPY_PHASE_STRIP = NO;
				DEBUG_INFORMATION_FORMAT = dwarf;
				ENABLE_STRICT_OBJC_MSGSEND = YES;
				ENABLE_TESTABILITY = YES;
				GCC_C_LANGUAGE_STANDARD = gnu11;
				GCC_DYNAMIC_NO_PIC = NO;
				GCC_NO_COMMON_BLOCKS = YES;
				GCC_OPTIMIZATION_LEVEL = 0;
				GCC_PREPROCESSOR_DEFINITIONS = (
					"DEBUG=1",
					"$(inherited)",
				);
				GCC_WARN_64_TO_32_BIT_CONVERSION = YES;
				GCC_WARN_ABOUT_RETURN_TYPE = YES_ERROR;
				GCC_WARN_UNDECLARED_SELECTOR = YES;
				GCC_WARN_UNINITIALIZED_AUTOS = YES_AGGRESSIVE;
				GCC_WARN_UNUSED_FUNCTION = YES;
				GCC_WARN_UNUSED_VARIABLE = YES;
				IPHONEOS_DEPLOYMENT_TARGET = 14.0;
				MTL_ENABLE_DEBUG_INFO = INCLUDE_SOURCE;
				MTL_FAST_MATH = YES;
				ONLY_ACTIVE_ARCH = YES;
				SDKROOT = iphoneos;
				SWIFT_ACTIVE_COMPILATION_CONDITIONS = DEBUG;
				SWIFT_OPTIMIZATION_LEVEL = "-Onone";
			};
			name = Debug;
		};
		CDE235D226F0E4FC0000DC99 /* Release */ = {
			isa = XCBuildConfiguration;
			buildSettings = {
				ALWAYS_SEARCH_USER_PATHS = NO;
				CLANG_ANALYZER_NONNULL = YES;
				CLANG_ANALYZER_NUMBER_OBJECT_CONVERSION = YES_AGGRESSIVE;
				CLANG_CXX_LANGUAGE_STANDARD = "gnu++14";
				CLANG_CXX_LIBRARY = "libc++";
				CLANG_ENABLE_MODULES = YES;
				CLANG_ENABLE_OBJC_ARC = YES;
				CLANG_ENABLE_OBJC_WEAK = YES;
				CLANG_WARN_BLOCK_CAPTURE_AUTORELEASING = YES;
				CLANG_WARN_BOOL_CONVERSION = YES;
				CLANG_WARN_COMMA = YES;
				CLANG_WARN_CONSTANT_CONVERSION = YES;
				CLANG_WARN_DEPRECATED_OBJC_IMPLEMENTATIONS = YES;
				CLANG_WARN_DIRECT_OBJC_ISA_USAGE = YES_ERROR;
				CLANG_WARN_DOCUMENTATION_COMMENTS = YES;
				CLANG_WARN_EMPTY_BODY = YES;
				CLANG_WARN_ENUM_CONVERSION = YES;
				CLANG_WARN_INFINITE_RECURSION = YES;
				CLANG_WARN_INT_CONVERSION = YES;
				CLANG_WARN_NON_LITERAL_NULL_CONVERSION = YES;
				CLANG_WARN_OBJC_IMPLICIT_RETAIN_SELF = YES;
				CLANG_WARN_OBJC_LITERAL_CONVERSION = YES;
				CLANG_WARN_OBJC_ROOT_CLASS = YES_ERROR;
				CLANG_WARN_QUOTED_INCLUDE_IN_FRAMEWORK_HEADER = YES;
				CLANG_WARN_RANGE_LOOP_ANALYSIS = YES;
				CLANG_WARN_STRICT_PROTOTYPES = YES;
				CLANG_WARN_SUSPICIOUS_MOVE = YES;
				CLANG_WARN_UNGUARDED_AVAILABILITY = YES_AGGRESSIVE;
				CLANG_WARN_UNREACHABLE_CODE = YES;
				CLANG_WARN__DUPLICATE_METHOD_MATCH = YES;
				COPY_PHASE_STRIP = NO;
				DEBUG_INFORMATION_FORMAT = "dwarf-with-dsym";
				ENABLE_NS_ASSERTIONS = NO;
				ENABLE_STRICT_OBJC_MSGSEND = YES;
				GCC_C_LANGUAGE_STANDARD = gnu11;
				GCC_NO_COMMON_BLOCKS = YES;
				GCC_WARN_64_TO_32_BIT_CONVERSION = YES;
				GCC_WARN_ABOUT_RETURN_TYPE = YES_ERROR;
				GCC_WARN_UNDECLARED_SELECTOR = YES;
				GCC_WARN_UNINITIALIZED_AUTOS = YES_AGGRESSIVE;
				GCC_WARN_UNUSED_FUNCTION = YES;
				GCC_WARN_UNUSED_VARIABLE = YES;
				IPHONEOS_DEPLOYMENT_TARGET = 14.0;
				MTL_ENABLE_DEBUG_INFO = NO;
				MTL_FAST_MATH = YES;
				SDKROOT = iphoneos;
				SWIFT_COMPILATION_MODE = wholemodule;
				SWIFT_OPTIMIZATION_LEVEL = "-O";
				VALIDATE_PRODUCT = YES;
			};
			name = Release;
		};
		CDE235D426F0E4FC0000DC99 /* Debug */ = {
			isa = XCBuildConfiguration;
			baseConfigurationReference = A231ABCECA0D7E911A36DDA2 /* Pods-MarvelApp.debug.xcconfig */;
			buildSettings = {
				ASSETCATALOG_COMPILER_APPICON_NAME = AppIcon;
				ASSETCATALOG_COMPILER_GLOBAL_ACCENT_COLOR_NAME = AccentColor;
				CODE_SIGN_IDENTITY = "Apple Development";
				CODE_SIGN_STYLE = Automatic;
				DEVELOPMENT_TEAM = 2AC5F23QLW;
				INFOPLIST_FILE = MarvelApp/Info.plist;
				LD_RUNPATH_SEARCH_PATHS = (
					"$(inherited)",
					"@executable_path/Frameworks",
				);
				PRODUCT_BUNDLE_IDENTIFIER = Gabriel.MarvelApp;
				PRODUCT_NAME = "$(TARGET_NAME)";
				PROVISIONING_PROFILE_SPECIFIER = "";
				SWIFT_VERSION = 5.0;
				TARGETED_DEVICE_FAMILY = "1,2";
			};
			name = Debug;
		};
		CDE235D526F0E4FC0000DC99 /* Release */ = {
			isa = XCBuildConfiguration;
			baseConfigurationReference = D460BE58DEBC72A3B806D6E5 /* Pods-MarvelApp.release.xcconfig */;
			buildSettings = {
				ASSETCATALOG_COMPILER_APPICON_NAME = AppIcon;
				ASSETCATALOG_COMPILER_GLOBAL_ACCENT_COLOR_NAME = AccentColor;
				CODE_SIGN_IDENTITY = "Apple Development";
				CODE_SIGN_STYLE = Automatic;
				DEVELOPMENT_TEAM = 2AC5F23QLW;
				INFOPLIST_FILE = MarvelApp/Info.plist;
				LD_RUNPATH_SEARCH_PATHS = (
					"$(inherited)",
					"@executable_path/Frameworks",
				);
				PRODUCT_BUNDLE_IDENTIFIER = Gabriel.MarvelApp;
				PRODUCT_NAME = "$(TARGET_NAME)";
				PROVISIONING_PROFILE_SPECIFIER = "";
				SWIFT_VERSION = 5.0;
				TARGETED_DEVICE_FAMILY = "1,2";
			};
			name = Release;
		};
		CDE235D726F0E4FC0000DC99 /* Debug */ = {
			isa = XCBuildConfiguration;
			baseConfigurationReference = DEF29EF0003767D4522C039A /* Pods-MarvelApp-MarvelAppTests.debug.xcconfig */;
			buildSettings = {
				ALWAYS_EMBED_SWIFT_STANDARD_LIBRARIES = YES;
				BUNDLE_LOADER = "$(TEST_HOST)";
				CODE_SIGN_STYLE = Automatic;
				DEVELOPMENT_TEAM = 2AC5F23QLW;
				INFOPLIST_FILE = MarvelAppTests/Info.plist;
				IPHONEOS_DEPLOYMENT_TARGET = 14.1;
				LD_RUNPATH_SEARCH_PATHS = (
					"$(inherited)",
					"@executable_path/Frameworks",
					"@loader_path/Frameworks",
				);
				PRODUCT_BUNDLE_IDENTIFIER = Gabriel.MarvelAppTests;
				PRODUCT_NAME = "$(TARGET_NAME)";
				SWIFT_VERSION = 5.0;
				TARGETED_DEVICE_FAMILY = "1,2";
				TEST_HOST = "$(BUILT_PRODUCTS_DIR)/MarvelApp.app/MarvelApp";
			};
			name = Debug;
		};
		CDE235D826F0E4FC0000DC99 /* Release */ = {
			isa = XCBuildConfiguration;
			baseConfigurationReference = 4F8853B2D0D71B4914890E0D /* Pods-MarvelApp-MarvelAppTests.release.xcconfig */;
			buildSettings = {
				ALWAYS_EMBED_SWIFT_STANDARD_LIBRARIES = YES;
				BUNDLE_LOADER = "$(TEST_HOST)";
				CODE_SIGN_STYLE = Automatic;
				DEVELOPMENT_TEAM = 2AC5F23QLW;
				INFOPLIST_FILE = MarvelAppTests/Info.plist;
				IPHONEOS_DEPLOYMENT_TARGET = 14.1;
				LD_RUNPATH_SEARCH_PATHS = (
					"$(inherited)",
					"@executable_path/Frameworks",
					"@loader_path/Frameworks",
				);
				PRODUCT_BUNDLE_IDENTIFIER = Gabriel.MarvelAppTests;
				PRODUCT_NAME = "$(TARGET_NAME)";
				SWIFT_VERSION = 5.0;
				TARGETED_DEVICE_FAMILY = "1,2";
				TEST_HOST = "$(BUILT_PRODUCTS_DIR)/MarvelApp.app/MarvelApp";
			};
			name = Release;
		};
		CDE235DA26F0E4FC0000DC99 /* Debug */ = {
			isa = XCBuildConfiguration;
			baseConfigurationReference = E62D7B27DD478AB8E7470FA6 /* Pods-MarvelApp-MarvelAppUITests.debug.xcconfig */;
			buildSettings = {
				ALWAYS_EMBED_SWIFT_STANDARD_LIBRARIES = YES;
				"CODE_SIGN_IDENTITY[sdk=macosx*]" = "Apple Development";
				CODE_SIGN_STYLE = Automatic;
				DEVELOPMENT_TEAM = 2AC5F23QLW;
				INFOPLIST_FILE = MarvelAppUITests/Info.plist;
				LD_RUNPATH_SEARCH_PATHS = (
					"$(inherited)",
					"@executable_path/Frameworks",
					"@loader_path/Frameworks",
				);
				PRODUCT_BUNDLE_IDENTIFIER = Gabriel.MarvelAppUITests;
				PRODUCT_NAME = "$(TARGET_NAME)";
				SWIFT_VERSION = 5.0;
				TARGETED_DEVICE_FAMILY = "1,2";
				TEST_TARGET_NAME = MarvelApp;
			};
			name = Debug;
		};
		CDE235DB26F0E4FC0000DC99 /* Release */ = {
			isa = XCBuildConfiguration;
			baseConfigurationReference = 48314D4C2D68098C3449802F /* Pods-MarvelApp-MarvelAppUITests.release.xcconfig */;
			buildSettings = {
				ALWAYS_EMBED_SWIFT_STANDARD_LIBRARIES = YES;
				"CODE_SIGN_IDENTITY[sdk=macosx*]" = "Apple Development";
				CODE_SIGN_STYLE = Automatic;
				DEVELOPMENT_TEAM = 2AC5F23QLW;
				INFOPLIST_FILE = MarvelAppUITests/Info.plist;
				LD_RUNPATH_SEARCH_PATHS = (
					"$(inherited)",
					"@executable_path/Frameworks",
					"@loader_path/Frameworks",
				);
				PRODUCT_BUNDLE_IDENTIFIER = Gabriel.MarvelAppUITests;
				PRODUCT_NAME = "$(TARGET_NAME)";
				SWIFT_VERSION = 5.0;
				TARGETED_DEVICE_FAMILY = "1,2";
				TEST_TARGET_NAME = MarvelApp;
			};
			name = Release;
		};
/* End XCBuildConfiguration section */

/* Begin XCConfigurationList section */
		CD98D9EC26F93DFB00AB2A10 /* Build configuration list for PBXNativeTarget "MarvelSnapshotTests" */ = {
			isa = XCConfigurationList;
			buildConfigurations = (
				CD98D9ED26F93DFB00AB2A10 /* Debug */,
				CD98D9EE26F93DFB00AB2A10 /* Release */,
			);
			defaultConfigurationIsVisible = 0;
			defaultConfigurationName = Release;
		};
		CDE235A426F0E4FB0000DC99 /* Build configuration list for PBXProject "MarvelApp" */ = {
			isa = XCConfigurationList;
			buildConfigurations = (
				CDE235D126F0E4FC0000DC99 /* Debug */,
				CDE235D226F0E4FC0000DC99 /* Release */,
			);
			defaultConfigurationIsVisible = 0;
			defaultConfigurationName = Release;
		};
		CDE235D326F0E4FC0000DC99 /* Build configuration list for PBXNativeTarget "MarvelApp" */ = {
			isa = XCConfigurationList;
			buildConfigurations = (
				CDE235D426F0E4FC0000DC99 /* Debug */,
				CDE235D526F0E4FC0000DC99 /* Release */,
			);
			defaultConfigurationIsVisible = 0;
			defaultConfigurationName = Release;
		};
		CDE235D626F0E4FC0000DC99 /* Build configuration list for PBXNativeTarget "MarvelAppTests" */ = {
			isa = XCConfigurationList;
			buildConfigurations = (
				CDE235D726F0E4FC0000DC99 /* Debug */,
				CDE235D826F0E4FC0000DC99 /* Release */,
			);
			defaultConfigurationIsVisible = 0;
			defaultConfigurationName = Release;
		};
		CDE235D926F0E4FC0000DC99 /* Build configuration list for PBXNativeTarget "MarvelAppUITests" */ = {
			isa = XCConfigurationList;
			buildConfigurations = (
				CDE235DA26F0E4FC0000DC99 /* Debug */,
				CDE235DB26F0E4FC0000DC99 /* Release */,
			);
			defaultConfigurationIsVisible = 0;
			defaultConfigurationName = Release;
		};
/* End XCConfigurationList section */
	};
	rootObject = CDE235A126F0E4FB0000DC99 /* Project object */;
}
